// !$*UTF8*$!
{
	archiveVersion = 1;
	classes = {
	};
	objectVersion = 77;
	objects = {

/* Begin PBXBuildFile section */
		B5FDC2A12F6A09D8005D07B4 /* UserInterfaceExtensions in Frameworks */ = {isa = PBXBuildFile; productRef = B5FDC2A02F6A09D8005D07B4 /* UserInterfaceExtensions */; };
		B5FDC2A62F6A0A40005D07B4 /* Pow in Frameworks */ = {isa = PBXBuildFile; productRef = B5FDC2A52F6A0A40005D07B4 /* Pow */; };
		B5FDC7CE2F6B0B2C005D07B4 /* DataProvider in Frameworks */ = {isa = PBXBuildFile; productRef = B5FDC7CD2F6B0B2C005D07B4 /* DataProvider */; };
/* End PBXBuildFile section */

/* Begin PBXContainerItemProxy section */
		B5FDC2582F69FCA0005D07B4 /* PBXContainerItemProxy */ = {
			isa = PBXContainerItemProxy;
			containerPortal = B5FDC23E2F69FC9C005D07B4 /* Project object */;
			proxyType = 1;
			remoteGlobalIDString = B5FDC2452F69FC9C005D07B4;
			remoteInfo = TestManyToManyJoinTable;
		};
		B5FDC2622F69FCA0005D07B4 /* PBXContainerItemProxy */ = {
			isa = PBXContainerItemProxy;
			containerPortal = B5FDC23E2F69FC9C005D07B4 /* Project object */;
			proxyType = 1;
			remoteGlobalIDString = B5FDC2452F69FC9C005D07B4;
			remoteInfo = TestManyToManyJoinTable;
		};
/* End PBXContainerItemProxy section */

/* Begin PBXFileReference section */
		B5FDC2462F69FC9C005D07B4 /* TestManyToManyJoinTable.app */ = {isa = PBXFileReference; explicitFileType = wrapper.application; includeInIndex = 0; path = TestManyToManyJoinTable.app; sourceTree = BUILT_PRODUCTS_DIR; };
		B5FDC2572F69FCA0005D07B4 /* TestManyToManyJoinTableTests.xctest */ = {isa = PBXFileReference; explicitFileType = wrapper.cfbundle; includeInIndex = 0; path = TestManyToManyJoinTableTests.xctest; sourceTree = BUILT_PRODUCTS_DIR; };
		B5FDC2612F69FCA0005D07B4 /* TestManyToManyJoinTableUITests.xctest */ = {isa = PBXFileReference; explicitFileType = wrapper.cfbundle; includeInIndex = 0; path = TestManyToManyJoinTableUITests.xctest; sourceTree = BUILT_PRODUCTS_DIR; };
		B5FDCCD72F6B4145005D07B4 /* README.md */ = {isa = PBXFileReference; lastKnownFileType = sourcecode.swift; path = README.md; sourceTree = "<group>"; };
/* End PBXFileReference section */

/* Begin PBXFileSystemSynchronizedBuildFileExceptionSet section */
		B5FDC2692F69FCA0005D07B4 /* Exceptions for "TestManyToManyJoinTable" folder in "TestManyToManyJoinTable" target */ = {
			isa = PBXFileSystemSynchronizedBuildFileExceptionSet;
			membershipExceptions = (
				Info.plist,
				SwiftData/DataProvider,
			);
			target = B5FDC2452F69FC9C005D07B4 /* TestManyToManyJoinTable */;
		};
/* End PBXFileSystemSynchronizedBuildFileExceptionSet section */

/* Begin PBXFileSystemSynchronizedRootGroup section */
		B5FDC2482F69FC9C005D07B4 /* TestManyToManyJoinTable */ = {
			isa = PBXFileSystemSynchronizedRootGroup;
			exceptions = (
				B5FDC2692F69FCA0005D07B4 /* Exceptions for "TestManyToManyJoinTable" folder in "TestManyToManyJoinTable" target */,
			);
			path = TestManyToManyJoinTable;
			sourceTree = "<group>";
		};
		B5FDC25A2F69FCA0005D07B4 /* TestManyToManyJoinTableTests */ = {
			isa = PBXFileSystemSynchronizedRootGroup;
			path = TestManyToManyJoinTableTests;
			sourceTree = "<group>";
		};
		B5FDC2642F69FCA0005D07B4 /* TestManyToManyJoinTableUITests */ = {
			isa = PBXFileSystemSynchronizedRootGroup;
			path = TestManyToManyJoinTableUITests;
			sourceTree = "<group>";
		};
/* End PBXFileSystemSynchronizedRootGroup section */

/* Begin PBXFrameworksBuildPhase section */
		B5FDC2432F69FC9C005D07B4 /* Frameworks */ = {
			isa = PBXFrameworksBuildPhase;
			buildActionMask = 2147483647;
			files = (
				B5FDC7CE2F6B0B2C005D07B4 /* DataProvider in Frameworks */,
				B5FDC2A12F6A09D8005D07B4 /* UserInterfaceExtensions in Frameworks */,
				B5FDC2A62F6A0A40005D07B4 /* Pow in Frameworks */,
			);
			runOnlyForDeploymentPostprocessing = 0;
		};
		B5FDC2542F69FCA0005D07B4 /* Frameworks */ = {
			isa = PBXFrameworksBuildPhase;
			buildActionMask = 2147483647;
			files = (
			);
			runOnlyForDeploymentPostprocessing = 0;
		};
		B5FDC25E2F69FCA0005D07B4 /* Frameworks */ = {
			isa = PBXFrameworksBuildPhase;
			buildActionMask = 2147483647;
			files = (
			);
			runOnlyForDeploymentPostprocessing = 0;
		};
/* End PBXFrameworksBuildPhase section */

/* Begin PBXGroup section */
		B5FDC23D2F69FC9C005D07B4 = {
			isa = PBXGroup;
			children = (
				B5FDCCD72F6B4145005D07B4 /* README.md */,
				B5FDC2482F69FC9C005D07B4 /* TestManyToManyJoinTable */,
				B5FDC25A2F69FCA0005D07B4 /* TestManyToManyJoinTableTests */,
				B5FDC2642F69FCA0005D07B4 /* TestManyToManyJoinTableUITests */,
				B5FDC7CC2F6B0B2C005D07B4 /* Frameworks */,
				B5FDC2472F69FC9C005D07B4 /* Products */,
			);
			sourceTree = "<group>";
		};
		B5FDC2472F69FC9C005D07B4 /* Products */ = {
			isa = PBXGroup;
			children = (
				B5FDC2462F69FC9C005D07B4 /* TestManyToManyJoinTable.app */,
				B5FDC2572F69FCA0005D07B4 /* TestManyToManyJoinTableTests.xctest */,
				B5FDC2612F69FCA0005D07B4 /* TestManyToManyJoinTableUITests.xctest */,
			);
			name = Products;
			sourceTree = "<group>";
		};
		B5FDC7CC2F6B0B2C005D07B4 /* Frameworks */ = {
			isa = PBXGroup;
			children = (
			);
			name = Frameworks;
			sourceTree = "<group>";
		};
/* End PBXGroup section */

/* Begin PBXNativeTarget section */
		B5FDC2452F69FC9C005D07B4 /* TestManyToManyJoinTable */ = {
			isa = PBXNativeTarget;
			buildConfigurationList = B5FDC26A2F69FCA0005D07B4 /* Build configuration list for PBXNativeTarget "TestManyToManyJoinTable" */;
			buildPhases = (
				B5FDC2422F69FC9C005D07B4 /* Sources */,
				B5FDC2432F69FC9C005D07B4 /* Frameworks */,
				B5FDC2442F69FC9C005D07B4 /* Resources */,
			);
			buildRules = (
			);
			dependencies = (
			);
			fileSystemSynchronizedGroups = (
				B5FDC2482F69FC9C005D07B4 /* TestManyToManyJoinTable */,
			);
			name = TestManyToManyJoinTable;
			packageProductDependencies = (
				B5FDC2A02F6A09D8005D07B4 /* UserInterfaceExtensions */,
				B5FDC2A52F6A0A40005D07B4 /* Pow */,
				B5FDC7CD2F6B0B2C005D07B4 /* DataProvider */,
			);
			productName = TestManyToManyJoinTable;
			productReference = B5FDC2462F69FC9C005D07B4 /* TestManyToManyJoinTable.app */;
			productType = "com.apple.product-type.application";
		};
		B5FDC2562F69FCA0005D07B4 /* TestManyToManyJoinTableTests */ = {
			isa = PBXNativeTarget;
			buildConfigurationList = B5FDC26F2F69FCA0005D07B4 /* Build configuration list for PBXNativeTarget "TestManyToManyJoinTableTests" */;
			buildPhases = (
				B5FDC2532F69FCA0005D07B4 /* Sources */,
				B5FDC2542F69FCA0005D07B4 /* Frameworks */,
				B5FDC2552F69FCA0005D07B4 /* Resources */,
			);
			buildRules = (
			);
			dependencies = (
				B5FDC2592F69FCA0005D07B4 /* PBXTargetDependency */,
			);
			fileSystemSynchronizedGroups = (
				B5FDC25A2F69FCA0005D07B4 /* TestManyToManyJoinTableTests */,
			);
			name = TestManyToManyJoinTableTests;
			packageProductDependencies = (
			);
			productName = TestManyToManyJoinTableTests;
			productReference = B5FDC2572F69FCA0005D07B4 /* TestManyToManyJoinTableTests.xctest */;
			productType = "com.apple.product-type.bundle.unit-test";
		};
		B5FDC2602F69FCA0005D07B4 /* TestManyToManyJoinTableUITests */ = {
			isa = PBXNativeTarget;
			buildConfigurationList = B5FDC2722F69FCA0005D07B4 /* Build configuration list for PBXNativeTarget "TestManyToManyJoinTableUITests" */;
			buildPhases = (
				B5FDC25D2F69FCA0005D07B4 /* Sources */,
				B5FDC25E2F69FCA0005D07B4 /* Frameworks */,
				B5FDC25F2F69FCA0005D07B4 /* Resources */,
			);
			buildRules = (
			);
			dependencies = (
				B5FDC2632F69FCA0005D07B4 /* PBXTargetDependency */,
			);
			fileSystemSynchronizedGroups = (
				B5FDC2642F69FCA0005D07B4 /* TestManyToManyJoinTableUITests */,
			);
			name = TestManyToManyJoinTableUITests;
			packageProductDependencies = (
			);
			productName = TestManyToManyJoinTableUITests;
			productReference = B5FDC2612F69FCA0005D07B4 /* TestManyToManyJoinTableUITests.xctest */;
			productType = "com.apple.product-type.bundle.ui-testing";
		};
/* End PBXNativeTarget section */

/* Begin PBXProject section */
		B5FDC23E2F69FC9C005D07B4 /* Project object */ = {
			isa = PBXProject;
			attributes = {
				BuildIndependentTargetsInParallel = 1;
				LastSwiftUpdateCheck = 2620;
				LastUpgradeCheck = 2620;
				TargetAttributes = {
					B5FDC2452F69FC9C005D07B4 = {
						CreatedOnToolsVersion = 26.2;
					};
					B5FDC2562F69FCA0005D07B4 = {
						CreatedOnToolsVersion = 26.2;
						TestTargetID = B5FDC2452F69FC9C005D07B4;
					};
					B5FDC2602F69FCA0005D07B4 = {
						CreatedOnToolsVersion = 26.2;
						TestTargetID = B5FDC2452F69FC9C005D07B4;
					};
				};
			};
			buildConfigurationList = B5FDC2412F69FC9C005D07B4 /* Build configuration list for PBXProject "TestManyToManyJoinTable" */;
			developmentRegion = en;
			hasScannedForEncodings = 0;
			knownRegions = (
				en,
				Base,
			);
			mainGroup = B5FDC23D2F69FC9C005D07B4;
			minimizedProjectReferenceProxies = 1;
			packageReferences = (
				B5FDC29F2F6A09D8005D07B4 /* XCLocalSwiftPackageReference "../Cookery/Cookery/Extensions/UserInterfaceExtensions" */,
				B5FDC2A42F6A0A40005D07B4 /* XCRemoteSwiftPackageReference "Pow" */,
			);
			preferredProjectObjectVersion = 77;
			productRefGroup = B5FDC2472F69FC9C005D07B4 /* Products */;
			projectDirPath = "";
			projectRoot = "";
			targets = (
				B5FDC2452F69FC9C005D07B4 /* TestManyToManyJoinTable */,
				B5FDC2562F69FCA0005D07B4 /* TestManyToManyJoinTableTests */,
				B5FDC2602F69FCA0005D07B4 /* TestManyToManyJoinTableUITests */,
			);
		};
/* End PBXProject section */

/* Begin PBXResourcesBuildPhase section */
		B5FDC2442F69FC9C005D07B4 /* Resources */ = {
			isa = PBXResourcesBuildPhase;
			buildActionMask = 2147483647;
			files = (
			);
			runOnlyForDeploymentPostprocessing = 0;
		};
		B5FDC2552F69FCA0005D07B4 /* Resources */ = {
			isa = PBXResourcesBuildPhase;
			buildActionMask = 2147483647;
			files = (
			);
			runOnlyForDeploymentPostprocessing = 0;
		};
		B5FDC25F2F69FCA0005D07B4 /* Resources */ = {
			isa = PBXResourcesBuildPhase;
			buildActionMask = 2147483647;
			files = (
			);
			runOnlyForDeploymentPostprocessing = 0;
		};
/* End PBXResourcesBuildPhase section */

/* Begin PBXSourcesBuildPhase section */
		B5FDC2422F69FC9C005D07B4 /* Sources */ = {
			isa = PBXSourcesBuildPhase;
			buildActionMask = 2147483647;
			files = (
			);
			runOnlyForDeploymentPostprocessing = 0;
		};
		B5FDC2532F69FCA0005D07B4 /* Sources */ = {
			isa = PBXSourcesBuildPhase;
			buildActionMask = 2147483647;
			files = (
			);
			runOnlyForDeploymentPostprocessing = 0;
		};
		B5FDC25D2F69FCA0005D07B4 /* Sources */ = {
			isa = PBXSourcesBuildPhase;
			buildActionMask = 2147483647;
			files = (
			);
			runOnlyForDeploymentPostprocessing = 0;
		};
/* End PBXSourcesBuildPhase section */

/* Begin PBXTargetDependency section */
		B5FDC2592F69FCA0005D07B4 /* PBXTargetDependency */ = {
			isa = PBXTargetDependency;
			target = B5FDC2452F69FC9C005D07B4 /* TestManyToManyJoinTable */;
			targetProxy = B5FDC2582F69FCA0005D07B4 /* PBXContainerItemProxy */;
		};
		B5FDC2632F69FCA0005D07B4 /* PBXTargetDependency */ = {
			isa = PBXTargetDependency;
			target = B5FDC2452F69FC9C005D07B4 /* TestManyToManyJoinTable */;
			targetProxy = B5FDC2622F69FCA0005D07B4 /* PBXContainerItemProxy */;
		};
/* End PBXTargetDependency section */

/* Begin XCBuildConfiguration section */
		B5FDC26B2F69FCA0005D07B4 /* Debug */ = {
			isa = XCBuildConfiguration;
			buildSettings = {
				ASSETCATALOG_COMPILER_APPICON_NAME = AppIcon;
				ASSETCATALOG_COMPILER_GLOBAL_ACCENT_COLOR_NAME = AccentColor;
				CODE_SIGN_ENTITLEMENTS = TestManyToManyJoinTable/TestManyToManyJoinTable.entitlements;
				CODE_SIGN_STYLE = Automatic;
				CURRENT_PROJECT_VERSION = 1;
				DEVELOPMENT_TEAM = 54YTE3BLBX;
				ENABLE_PREVIEWS = YES;
				GENERATE_INFOPLIST_FILE = YES;
				INFOPLIST_FILE = TestManyToManyJoinTable/Info.plist;
				INFOPLIST_KEY_UIApplicationSceneManifest_Generation = YES;
				INFOPLIST_KEY_UIApplicationSupportsIndirectInputEvents = YES;
				INFOPLIST_KEY_UILaunchScreen_Generation = YES;
				INFOPLIST_KEY_UISupportedInterfaceOrientations_iPad = "UIInterfaceOrientationPortrait UIInterfaceOrientationPortraitUpsideDown UIInterfaceOrientationLandscapeLeft UIInterfaceOrientationLandscapeRight";
				INFOPLIST_KEY_UISupportedInterfaceOrientations_iPhone = "UIInterfaceOrientationPortrait UIInterfaceOrientationLandscapeLeft UIInterfaceOrientationLandscapeRight";
				LD_RUNPATH_SEARCH_PATHS = (
					"$(inherited)",
					"@executable_path/Frameworks",
				);
				MARKETING_VERSION = 1.0;
				PRODUCT_BUNDLE_IDENTIFIER = com.pinwheeldevinc.testing.TestManyToManyJoinTable;
				PRODUCT_NAME = "$(TARGET_NAME)";
				STRING_CATALOG_GENERATE_SYMBOLS = YES;
				SWIFT_APPROACHABLE_CONCURRENCY = YES;
				SWIFT_DEFAULT_ACTOR_ISOLATION = MainActor;
				SWIFT_EMIT_LOC_STRINGS = YES;
				SWIFT_UPCOMING_FEATURE_MEMBER_IMPORT_VISIBILITY = YES;
				SWIFT_VERSION = 5.0;
				TARGETED_DEVICE_FAMILY = "1,2";
			};
			name = Debug;
		};
		B5FDC26C2F69FCA0005D07B4 /* Release */ = {
			isa = XCBuildConfiguration;
			buildSettings = {
				ASSETCATALOG_COMPILER_APPICON_NAME = AppIcon;
				ASSETCATALOG_COMPILER_GLOBAL_ACCENT_COLOR_NAME = AccentColor;
				CODE_SIGN_ENTITLEMENTS = TestManyToManyJoinTable/TestManyToManyJoinTable.entitlements;
				CODE_SIGN_STYLE = Automatic;
				CURRENT_PROJECT_VERSION = 1;
				DEVELOPMENT_TEAM = 54YTE3BLBX;
				ENABLE_PREVIEWS = YES;
				GENERATE_INFOPLIST_FILE = YES;
				INFOPLIST_FILE = TestManyToManyJoinTable/Info.plist;
				INFOPLIST_KEY_UIApplicationSceneManifest_Generation = YES;
				INFOPLIST_KEY_UIApplicationSupportsIndirectInputEvents = YES;
				INFOPLIST_KEY_UILaunchScreen_Generation = YES;
				INFOPLIST_KEY_UISupportedInterfaceOrientations_iPad = "UIInterfaceOrientationPortrait UIInterfaceOrientationPortraitUpsideDown UIInterfaceOrientationLandscapeLeft UIInterfaceOrientationLandscapeRight";
				INFOPLIST_KEY_UISupportedInterfaceOrientations_iPhone = "UIInterfaceOrientationPortrait UIInterfaceOrientationLandscapeLeft UIInterfaceOrientationLandscapeRight";
				LD_RUNPATH_SEARCH_PATHS = (
					"$(inherited)",
					"@executable_path/Frameworks",
				);
				MARKETING_VERSION = 1.0;
				PRODUCT_BUNDLE_IDENTIFIER = com.pinwheeldevinc.testing.TestManyToManyJoinTable;
				PRODUCT_NAME = "$(TARGET_NAME)";
				STRING_CATALOG_GENERATE_SYMBOLS = YES;
				SWIFT_APPROACHABLE_CONCURRENCY = YES;
				SWIFT_DEFAULT_ACTOR_ISOLATION = MainActor;
				SWIFT_EMIT_LOC_STRINGS = YES;
				SWIFT_UPCOMING_FEATURE_MEMBER_IMPORT_VISIBILITY = YES;
				SWIFT_VERSION = 5.0;
				TARGETED_DEVICE_FAMILY = "1,2";
			};
			name = Release;
		};
		B5FDC26D2F69FCA0005D07B4 /* Debug */ = {
			isa = XCBuildConfiguration;
			buildSettings = {
				ALWAYS_SEARCH_USER_PATHS = NO;
				ASSETCATALOG_COMPILER_GENERATE_SWIFT_ASSET_SYMBOL_EXTENSIONS = YES;
				CLANG_ANALYZER_NONNULL = YES;
				CLANG_ANALYZER_NUMBER_OBJECT_CONVERSION = YES_AGGRESSIVE;
				CLANG_CXX_LANGUAGE_STANDARD = "gnu++20";
				CLANG_ENABLE_MODULES = YES;
				CLANG_ENABLE_OBJC_ARC = YES;
				CLANG_ENABLE_OBJC_WEAK = YES;
				CLANG_WARN_BLOCK_CAPTURE_AUTORELEASING = YES;
				CLANG_WARN_BOOL_CONVERSION = YES;
				CLANG_WARN_COMMA = YES;
				CLANG_WARN_CONSTANT_CONVERSION = YES;
				CLANG_WARN_DEPRECATED_OBJC_IMPLEMENTATIONS = YES;
				CLANG_WARN_DIRECT_OBJC_ISA_USAGE = YES_ERROR;
				CLANG_WARN_DOCUMENTATION_COMMENTS = YES;
				CLANG_WARN_EMPTY_BODY = YES;
				CLANG_WARN_ENUM_CONVERSION = YES;
				CLANG_WARN_INFINITE_RECURSION = YES;
				CLANG_WARN_INT_CONVERSION = YES;
				CLANG_WARN_NON_LITERAL_NULL_CONVERSION = YES;
				CLANG_WARN_OBJC_IMPLICIT_RETAIN_SELF = YES;
				CLANG_WARN_OBJC_LITERAL_CONVERSION = YES;
				CLANG_WARN_OBJC_ROOT_CLASS = YES_ERROR;
				CLANG_WARN_QUOTED_INCLUDE_IN_FRAMEWORK_HEADER = YES;
				CLANG_WARN_RANGE_LOOP_ANALYSIS = YES;
				CLANG_WARN_STRICT_PROTOTYPES = YES;
				CLANG_WARN_SUSPICIOUS_MOVE = YES;
				CLANG_WARN_UNGUARDED_AVAILABILITY = YES_AGGRESSIVE;
				CLANG_WARN_UNREACHABLE_CODE = YES;
				CLANG_WARN__DUPLICATE_METHOD_MATCH = YES;
				COPY_PHASE_STRIP = NO;
				DEBUG_INFORMATION_FORMAT = dwarf;
				DEVELOPMENT_TEAM = 54YTE3BLBX;
				ENABLE_STRICT_OBJC_MSGSEND = YES;
				ENABLE_TESTABILITY = YES;
				ENABLE_USER_SCRIPT_SANDBOXING = YES;
				GCC_C_LANGUAGE_STANDARD = gnu17;
				GCC_DYNAMIC_NO_PIC = NO;
				GCC_NO_COMMON_BLOCKS = YES;
				GCC_OPTIMIZATION_LEVEL = 0;
				GCC_PREPROCESSOR_DEFINITIONS = (
					"DEBUG=1",
					"$(inherited)",
				);
				GCC_WARN_64_TO_32_BIT_CONVERSION = YES;
				GCC_WARN_ABOUT_RETURN_TYPE = YES_ERROR;
				GCC_WARN_UNDECLARED_SELECTOR = YES;
				GCC_WARN_UNINITIALIZED_AUTOS = YES_AGGRESSIVE;
				GCC_WARN_UNUSED_FUNCTION = YES;
				GCC_WARN_UNUSED_VARIABLE = YES;
				IPHONEOS_DEPLOYMENT_TARGET = 26.2;
				LOCALIZATION_PREFERS_STRING_CATALOGS = YES;
				MTL_ENABLE_DEBUG_INFO = INCLUDE_SOURCE;
				MTL_FAST_MATH = YES;
				ONLY_ACTIVE_ARCH = YES;
				SDKROOT = iphoneos;
				SWIFT_ACTIVE_COMPILATION_CONDITIONS = "DEBUG $(inherited)";
				SWIFT_OPTIMIZATION_LEVEL = "-Onone";
			};
			name = Debug;
		};
		B5FDC26E2F69FCA0005D07B4 /* Release */ = {
			isa = XCBuildConfiguration;
			buildSettings = {
				ALWAYS_SEARCH_USER_PATHS = NO;
				ASSETCATALOG_COMPILER_GENERATE_SWIFT_ASSET_SYMBOL_EXTENSIONS = YES;
				CLANG_ANALYZER_NONNULL = YES;
				CLANG_ANALYZER_NUMBER_OBJECT_CONVERSION = YES_AGGRESSIVE;
				CLANG_CXX_LANGUAGE_STANDARD = "gnu++20";
				CLANG_ENABLE_MODULES = YES;
				CLANG_ENABLE_OBJC_ARC = YES;
				CLANG_ENABLE_OBJC_WEAK = YES;
				CLANG_WARN_BLOCK_CAPTURE_AUTORELEASING = YES;
				CLANG_WARN_BOOL_CONVERSION = YES;
				CLANG_WARN_COMMA = YES;
				CLANG_WARN_CONSTANT_CONVERSION = YES;
				CLANG_WARN_DEPRECATED_OBJC_IMPLEMENTATIONS = YES;
				CLANG_WARN_DIRECT_OBJC_ISA_USAGE = YES_ERROR;
				CLANG_WARN_DOCUMENTATION_COMMENTS = YES;
				CLANG_WARN_EMPTY_BODY = YES;
				CLANG_WARN_ENUM_CONVERSION = YES;
				CLANG_WARN_INFINITE_RECURSION = YES;
				CLANG_WARN_INT_CONVERSION = YES;
				CLANG_WARN_NON_LITERAL_NULL_CONVERSION = YES;
				CLANG_WARN_OBJC_IMPLICIT_RETAIN_SELF = YES;
				CLANG_WARN_OBJC_LITERAL_CONVERSION = YES;
				CLANG_WARN_OBJC_ROOT_CLASS = YES_ERROR;
				CLANG_WARN_QUOTED_INCLUDE_IN_FRAMEWORK_HEADER = YES;
				CLANG_WARN_RANGE_LOOP_ANALYSIS = YES;
				CLANG_WARN_STRICT_PROTOTYPES = YES;
				CLANG_WARN_SUSPICIOUS_MOVE = YES;
				CLANG_WARN_UNGUARDED_AVAILABILITY = YES_AGGRESSIVE;
				CLANG_WARN_UNREACHABLE_CODE = YES;
				CLANG_WARN__DUPLICATE_METHOD_MATCH = YES;
				COPY_PHASE_STRIP = NO;
				DEBUG_INFORMATION_FORMAT = "dwarf-with-dsym";
				DEVELOPMENT_TEAM = 54YTE3BLBX;
				ENABLE_NS_ASSERTIONS = NO;
				ENABLE_STRICT_OBJC_MSGSEND = YES;
				ENABLE_USER_SCRIPT_SANDBOXING = YES;
				GCC_C_LANGUAGE_STANDARD = gnu17;
				GCC_NO_COMMON_BLOCKS = YES;
				GCC_WARN_64_TO_32_BIT_CONVERSION = YES;
				GCC_WARN_ABOUT_RETURN_TYPE = YES_ERROR;
				GCC_WARN_UNDECLARED_SELECTOR = YES;
				GCC_WARN_UNINITIALIZED_AUTOS = YES_AGGRESSIVE;
				GCC_WARN_UNUSED_FUNCTION = YES;
				GCC_WARN_UNUSED_VARIABLE = YES;
				IPHONEOS_DEPLOYMENT_TARGET = 26.2;
				LOCALIZATION_PREFERS_STRING_CATALOGS = YES;
				MTL_ENABLE_DEBUG_INFO = NO;
				MTL_FAST_MATH = YES;
				SDKROOT = iphoneos;
				SWIFT_COMPILATION_MODE = wholemodule;
				VALIDATE_PRODUCT = YES;
			};
			name = Release;
		};
		B5FDC2702F69FCA0005D07B4 /* Debug */ = {
			isa = XCBuildConfiguration;
			buildSettings = {
				BUNDLE_LOADER = "$(TEST_HOST)";
				CODE_SIGN_STYLE = Automatic;
				CURRENT_PROJECT_VERSION = 1;
				DEVELOPMENT_TEAM = 54YTE3BLBX;
				GENERATE_INFOPLIST_FILE = YES;
				IPHONEOS_DEPLOYMENT_TARGET = 26.2;
				MARKETING_VERSION = 1.0;
				PRODUCT_BUNDLE_IDENTIFIER = com.pinwheeldevinc.testing.TestManyToManyJoinTableTests;
				PRODUCT_NAME = "$(TARGET_NAME)";
				STRING_CATALOG_GENERATE_SYMBOLS = NO;
				SWIFT_APPROACHABLE_CONCURRENCY = YES;
				SWIFT_EMIT_LOC_STRINGS = NO;
				SWIFT_UPCOMING_FEATURE_MEMBER_IMPORT_VISIBILITY = YES;
				SWIFT_VERSION = 5.0;
				TARGETED_DEVICE_FAMILY = "1,2";
				TEST_HOST = "$(BUILT_PRODUCTS_DIR)/TestManyToManyJoinTable.app/$(BUNDLE_EXECUTABLE_FOLDER_PATH)/TestManyToManyJoinTable";
			};
			name = Debug;
		};
		B5FDC2712F69FCA0005D07B4 /* Release */ = {
			isa = XCBuildConfiguration;
			buildSettings = {
				BUNDLE_LOADER = "$(TEST_HOST)";
				CODE_SIGN_STYLE = Automatic;
				CURRENT_PROJECT_VERSION = 1;
				DEVELOPMENT_TEAM = 54YTE3BLBX;
				GENERATE_INFOPLIST_FILE = YES;
				IPHONEOS_DEPLOYMENT_TARGET = 26.2;
				MARKETING_VERSION = 1.0;
				PRODUCT_BUNDLE_IDENTIFIER = com.pinwheeldevinc.testing.TestManyToManyJoinTableTests;
				PRODUCT_NAME = "$(TARGET_NAME)";
				STRING_CATALOG_GENERATE_SYMBOLS = NO;
				SWIFT_APPROACHABLE_CONCURRENCY = YES;
				SWIFT_EMIT_LOC_STRINGS = NO;
				SWIFT_UPCOMING_FEATURE_MEMBER_IMPORT_VISIBILITY = YES;
				SWIFT_VERSION = 5.0;
				TARGETED_DEVICE_FAMILY = "1,2";
				TEST_HOST = "$(BUILT_PRODUCTS_DIR)/TestManyToManyJoinTable.app/$(BUNDLE_EXECUTABLE_FOLDER_PATH)/TestManyToManyJoinTable";
			};
			name = Release;
		};
		B5FDC2732F69FCA0005D07B4 /* Debug */ = {
			isa = XCBuildConfiguration;
			buildSettings = {
				CODE_SIGN_STYLE = Automatic;
				CURRENT_PROJECT_VERSION = 1;
				DEVELOPMENT_TEAM = 54YTE3BLBX;
				GENERATE_INFOPLIST_FILE = YES;
				MARKETING_VERSION = 1.0;
				PRODUCT_BUNDLE_IDENTIFIER = com.pinwheeldevinc.testing.TestManyToManyJoinTableUITests;
				PRODUCT_NAME = "$(TARGET_NAME)";
				STRING_CATALOG_GENERATE_SYMBOLS = NO;
				SWIFT_APPROACHABLE_CONCURRENCY = YES;
				SWIFT_EMIT_LOC_STRINGS = NO;
				SWIFT_UPCOMING_FEATURE_MEMBER_IMPORT_VISIBILITY = YES;
				SWIFT_VERSION = 5.0;
				TARGETED_DEVICE_FAMILY = "1,2";
				TEST_TARGET_NAME = TestManyToManyJoinTable;
			};
			name = Debug;
		};
		B5FDC2742F69FCA0005D07B4 /* Release */ = {
			isa = XCBuildConfiguration;
			buildSettings = {
				CODE_SIGN_STYLE = Automatic;
				CURRENT_PROJECT_VERSION = 1;
				DEVELOPMENT_TEAM = 54YTE3BLBX;
				GENERATE_INFOPLIST_FILE = YES;
				MARKETING_VERSION = 1.0;
				PRODUCT_BUNDLE_IDENTIFIER = com.pinwheeldevinc.testing.TestManyToManyJoinTableUITests;
				PRODUCT_NAME = "$(TARGET_NAME)";
				STRING_CATALOG_GENERATE_SYMBOLS = NO;
				SWIFT_APPROACHABLE_CONCURRENCY = YES;
				SWIFT_EMIT_LOC_STRINGS = NO;
				SWIFT_UPCOMING_FEATURE_MEMBER_IMPORT_VISIBILITY = YES;
				SWIFT_VERSION = 5.0;
				TARGETED_DEVICE_FAMILY = "1,2";
				TEST_TARGET_NAME = TestManyToManyJoinTable;
			};
			name = Release;
		};
/* End XCBuildConfiguration section */

/* Begin XCConfigurationList section */
		B5FDC2412F69FC9C005D07B4 /* Build configuration list for PBXProject "TestManyToManyJoinTable" */ = {
			isa = XCConfigurationList;
			buildConfigurations = (
				B5FDC26D2F69FCA0005D07B4 /* Debug */,
				B5FDC26E2F69FCA0005D07B4 /* Release */,
			);
			defaultConfigurationIsVisible = 0;
			defaultConfigurationName = Release;
		};
		B5FDC26A2F69FCA0005D07B4 /* Build configuration list for PBXNativeTarget "TestManyToManyJoinTable" */ = {
			isa = XCConfigurationList;
			buildConfigurations = (
				B5FDC26B2F69FCA0005D07B4 /* Debug */,
				B5FDC26C2F69FCA0005D07B4 /* Release */,
			);
			defaultConfigurationIsVisible = 0;
			defaultConfigurationName = Release;
		};
		B5FDC26F2F69FCA0005D07B4 /* Build configuration list for PBXNativeTarget "TestManyToManyJoinTableTests" */ = {
			isa = XCConfigurationList;
			buildConfigurations = (
				B5FDC2702F69FCA0005D07B4 /* Debug */,
				B5FDC2712F69FCA0005D07B4 /* Release */,
			);
			defaultConfigurationIsVisible = 0;
			defaultConfigurationName = Release;
		};
		B5FDC2722F69FCA0005D07B4 /* Build configuration list for PBXNativeTarget "TestManyToManyJoinTableUITests" */ = {
			isa = XCConfigurationList;
			buildConfigurations = (
				B5FDC2732F69FCA0005D07B4 /* Debug */,
				B5FDC2742F69FCA0005D07B4 /* Release */,
			);
			defaultConfigurationIsVisible = 0;
			defaultConfigurationName = Release;
		};
/* End XCConfigurationList section */

/* Begin XCLocalSwiftPackageReference section */
		B5FDC29F2F6A09D8005D07B4 /* XCLocalSwiftPackageReference "../Cookery/Cookery/Extensions/UserInterfaceExtensions" */ = {
			isa = XCLocalSwiftPackageReference;
			relativePath = ../Cookery/Cookery/Extensions/UserInterfaceExtensions;
		};
/* End XCLocalSwiftPackageReference section */

/* Begin XCRemoteSwiftPackageReference section */
		B5FDC2A42F6A0A40005D07B4 /* XCRemoteSwiftPackageReference "Pow" */ = {
			isa = XCRemoteSwiftPackageReference;
			repositoryURL = "https://github.com/EmergeTools/Pow";
			requirement = {
				kind = upToNextMajorVersion;
				minimumVersion = 1.0.5;
			};
		};
/* End XCRemoteSwiftPackageReference section */

/* Begin XCSwiftPackageProductDependency section */
		B5FDC2A02F6A09D8005D07B4 /* UserInterfaceExtensions */ = {
			isa = XCSwiftPackageProductDependency;
			productName = UserInterfaceExtensions;
		};
		B5FDC2A52F6A0A40005D07B4 /* Pow */ = {
			isa = XCSwiftPackageProductDependency;
			package = B5FDC2A42F6A0A40005D07B4 /* XCRemoteSwiftPackageReference "Pow" */;
			productName = Pow;
		};
		B5FDC7CD2F6B0B2C005D07B4 /* DataProvider */ = {
			isa = XCSwiftPackageProductDependency;
			productName = DataProvider;
		};
/* End XCSwiftPackageProductDependency section */
	};
	rootObject = B5FDC23E2F69FC9C005D07B4 /* Project object */;
}
